// !$*UTF8*$!
{
	archiveVersion = 1;
	classes = {
	};
	objectVersion = 50;
	objects = {

/* Begin PBXBuildFile section */
		A493CF0B25FEE91700224DBF /* AppDelegate.swift in Sources */ = {isa = PBXBuildFile; fileRef = A493CF0A25FEE91700224DBF /* AppDelegate.swift */; };
		A493CF0D25FEE91700224DBF /* SceneDelegate.swift in Sources */ = {isa = PBXBuildFile; fileRef = A493CF0C25FEE91700224DBF /* SceneDelegate.swift */; };
		A493CF0F25FEE91700224DBF /* ContentView.swift in Sources */ = {isa = PBXBuildFile; fileRef = A493CF0E25FEE91700224DBF /* ContentView.swift */; };
		A493CF1125FEE91A00224DBF /* Assets.xcassets in Resources */ = {isa = PBXBuildFile; fileRef = A493CF1025FEE91A00224DBF /* Assets.xcassets */; };
		A493CF1425FEE91A00224DBF /* Preview Assets.xcassets in Resources */ = {isa = PBXBuildFile; fileRef = A493CF1325FEE91A00224DBF /* Preview Assets.xcassets */; };
		A493CF1725FEE91A00224DBF /* LaunchScreen.storyboard in Resources */ = {isa = PBXBuildFile; fileRef = A493CF1525FEE91A00224DBF /* LaunchScreen.storyboard */; };
		A493CF2225FEE91A00224DBF /* I_Will_Be_RIch_SoonTests.swift in Sources */ = {isa = PBXBuildFile; fileRef = A493CF2125FEE91A00224DBF /* I_Will_Be_RIch_SoonTests.swift */; };
		A493CF2D25FEE91A00224DBF /* I_Will_Be_RIch_SoonUITests.swift in Sources */ = {isa = PBXBuildFile; fileRef = A493CF2C25FEE91A00224DBF /* I_Will_Be_RIch_SoonUITests.swift */; };
/* End PBXBuildFile section */

/* Begin PBXContainerItemProxy section */
		A493CF1E25FEE91A00224DBF /* PBXContainerItemProxy */ = {
			isa = PBXContainerItemProxy;
			containerPortal = A493CEFF25FEE91700224DBF /* Project object */;
			proxyType = 1;
			remoteGlobalIDString = A493CF0625FEE91700224DBF;
			remoteInfo = "I Will Be RIch Soon";
		};
		A493CF2925FEE91A00224DBF /* PBXContainerItemProxy */ = {
			isa = PBXContainerItemProxy;
			containerPortal = A493CEFF25FEE91700224DBF /* Project object */;
			proxyType = 1;
			remoteGlobalIDString = A493CF0625FEE91700224DBF;
			remoteInfo = "I Will Be RIch Soon";
		};
/* End PBXContainerItemProxy section */

/* Begin PBXFileReference section */
		A493CF0725FEE91700224DBF /* I Will Be RIch Soon.app */ = {isa = PBXFileReference; explicitFileType = wrapper.application; includeInIndex = 0; path = "I Will Be RIch Soon.app"; sourceTree = BUILT_PRODUCTS_DIR; };
		A493CF0A25FEE91700224DBF /* AppDelegate.swift */ = {isa = PBXFileReference; lastKnownFileType = sourcecode.swift; path = AppDelegate.swift; sourceTree = "<group>"; };
		A493CF0C25FEE91700224DBF /* SceneDelegate.swift */ = {isa = PBXFileReference; lastKnownFileType = sourcecode.swift; path = SceneDelegate.swift; sourceTree = "<group>"; };
		A493CF0E25FEE91700224DBF /* ContentView.swift */ = {isa = PBXFileReference; lastKnownFileType = sourcecode.swift; path = ContentView.swift; sourceTree = "<group>"; };
		A493CF1025FEE91A00224DBF /* Assets.xcassets */ = {isa = PBXFileReference; lastKnownFileType = folder.assetcatalog; path = Assets.xcassets; sourceTree = "<group>"; };
		A493CF1325FEE91A00224DBF /* Preview Assets.xcassets */ = {isa = PBXFileReference; lastKnownFileType = folder.assetcatalog; path = "Preview Assets.xcassets"; sourceTree = "<group>"; };
		A493CF1625FEE91A00224DBF /* Base */ = {isa = PBXFileReference; lastKnownFileType = file.storyboard; name = Base; path = Base.lproj/LaunchScreen.storyboard; sourceTree = "<group>"; };
		A493CF1825FEE91A00224DBF /* Info.plist */ = {isa = PBXFileReference; lastKnownFileType = text.plist.xml; path = Info.plist; sourceTree = "<group>"; };
		A493CF1D25FEE91A00224DBF /* I Will Be RIch SoonTests.xctest */ = {isa = PBXFileReference; explicitFileType = wrapper.cfbundle; includeInIndex = 0; path = "I Will Be RIch SoonTests.xctest"; sourceTree = BUILT_PRODUCTS_DIR; };
		A493CF2125FEE91A00224DBF /* I_Will_Be_RIch_SoonTests.swift */ = {isa = PBXFileReference; lastKnownFileType = sourcecode.swift; path = I_Will_Be_RIch_SoonTests.swift; sourceTree = "<group>"; };
		A493CF2325FEE91A00224DBF /* Info.plist */ = {isa = PBXFileReference; lastKnownFileType = text.plist.xml; path = Info.plist; sourceTree = "<group>"; };
		A493CF2825FEE91A00224DBF /* I Will Be RIch SoonUITests.xctest */ = {isa = PBXFileReference; explicitFileType = wrapper.cfbundle; includeInIndex = 0; path = "I Will Be RIch SoonUITests.xctest"; sourceTree = BUILT_PRODUCTS_DIR; };
		A493CF2C25FEE91A00224DBF /* I_Will_Be_RIch_SoonUITests.swift */ = {isa = PBXFileReference; lastKnownFileType = sourcecode.swift; path = I_Will_Be_RIch_SoonUITests.swift; sourceTree = "<group>"; };
		A493CF2E25FEE91A00224DBF /* Info.plist */ = {isa = PBXFileReference; lastKnownFileType = text.plist.xml; path = Info.plist; sourceTree = "<group>"; };
/* End PBXFileReference section */

/* Begin PBXFrameworksBuildPhase section */
		A493CF0425FEE91700224DBF /* Frameworks */ = {
			isa = PBXFrameworksBuildPhase;
			buildActionMask = 2147483647;
			files = (
			);
			runOnlyForDeploymentPostprocessing = 0;
		};
		A493CF1A25FEE91A00224DBF /* Frameworks */ = {
			isa = PBXFrameworksBuildPhase;
			buildActionMask = 2147483647;
			files = (
			);
			runOnlyForDeploymentPostprocessing = 0;
		};
		A493CF2525FEE91A00224DBF /* Frameworks */ = {
			isa = PBXFrameworksBuildPhase;
			buildActionMask = 2147483647;
			files = (
			);
			runOnlyForDeploymentPostprocessing = 0;
		};
/* End PBXFrameworksBuildPhase section */

/* Begin PBXGroup section */
		A493CEFE25FEE91700224DBF = {
			isa = PBXGroup;
			children = (
				A493CF0925FEE91700224DBF /* I Will Be RIch Soon */,
				A493CF2025FEE91A00224DBF /* I Will Be RIch SoonTests */,
				A493CF2B25FEE91A00224DBF /* I Will Be RIch SoonUITests */,
				A493CF0825FEE91700224DBF /* Products */,
			);
			sourceTree = "<group>";
		};
		A493CF0825FEE91700224DBF /* Products */ = {
			isa = PBXGroup;
			children = (
				A493CF0725FEE91700224DBF /* I Will Be RIch Soon.app */,
				A493CF1D25FEE91A00224DBF /* I Will Be RIch SoonTests.xctest */,
				A493CF2825FEE91A00224DBF /* I Will Be RIch SoonUITests.xctest */,
			);
			name = Products;
			sourceTree = "<group>";
		};
		A493CF0925FEE91700224DBF /* I Will Be RIch Soon */ = {
			isa = PBXGroup;
			children = (
				A493CF0A25FEE91700224DBF /* AppDelegate.swift */,
				A493CF0C25FEE91700224DBF /* SceneDelegate.swift */,
				A493CF0E25FEE91700224DBF /* ContentView.swift */,
				A493CF1025FEE91A00224DBF /* Assets.xcassets */,
				A493CF1525FEE91A00224DBF /* LaunchScreen.storyboard */,
				A493CF1825FEE91A00224DBF /* Info.plist */,
				A493CF1225FEE91A00224DBF /* Preview Content */,
			);
			path = "I Will Be RIch Soon";
			sourceTree = "<group>";
		};
		A493CF1225FEE91A00224DBF /* Preview Content */ = {
			isa = PBXGroup;
			children = (
				A493CF1325FEE91A00224DBF /* Preview Assets.xcassets */,
			);
			path = "Preview Content";
			sourceTree = "<group>";
		};
		A493CF2025FEE91A00224DBF /* I Will Be RIch SoonTests */ = {
			isa = PBXGroup;
			children = (
				A493CF2125FEE91A00224DBF /* I_Will_Be_RIch_SoonTests.swift */,
				A493CF2325FEE91A00224DBF /* Info.plist */,
			);
			path = "I Will Be RIch SoonTests";
			sourceTree = "<group>";
		};
		A493CF2B25FEE91A00224DBF /* I Will Be RIch SoonUITests */ = {
			isa = PBXGroup;
			children = (
				A493CF2C25FEE91A00224DBF /* I_Will_Be_RIch_SoonUITests.swift */,
				A493CF2E25FEE91A00224DBF /* Info.plist */,
			);
			path = "I Will Be RIch SoonUITests";
			sourceTree = "<group>";
		};
/* End PBXGroup section */

/* Begin PBXNativeTarget section */
		A493CF0625FEE91700224DBF /* I Will Be RIch Soon */ = {
			isa = PBXNativeTarget;
			buildConfigurationList = A493CF3125FEE91A00224DBF /* Build configuration list for PBXNativeTarget "I Will Be RIch Soon" */;
			buildPhases = (
				A493CF0325FEE91700224DBF /* Sources */,
				A493CF0425FEE91700224DBF /* Frameworks */,
				A493CF0525FEE91700224DBF /* Resources */,
			);
			buildRules = (
			);
			dependencies = (
			);
			name = "I Will Be RIch Soon";
			productName = "I Will Be RIch Soon";
			productReference = A493CF0725FEE91700224DBF /* I Will Be RIch Soon.app */;
			productType = "com.apple.product-type.application";
		};
		A493CF1C25FEE91A00224DBF /* I Will Be RIch SoonTests */ = {
			isa = PBXNativeTarget;
			buildConfigurationList = A493CF3425FEE91A00224DBF /* Build configuration list for PBXNativeTarget "I Will Be RIch SoonTests" */;
			buildPhases = (
				A493CF1925FEE91A00224DBF /* Sources */,
				A493CF1A25FEE91A00224DBF /* Frameworks */,
				A493CF1B25FEE91A00224DBF /* Resources */,
			);
			buildRules = (
			);
			dependencies = (
				A493CF1F25FEE91A00224DBF /* PBXTargetDependency */,
			);
			name = "I Will Be RIch SoonTests";
			productName = "I Will Be RIch SoonTests";
			productReference = A493CF1D25FEE91A00224DBF /* I Will Be RIch SoonTests.xctest */;
			productType = "com.apple.product-type.bundle.unit-test";
		};
		A493CF2725FEE91A00224DBF /* I Will Be RIch SoonUITests */ = {
			isa = PBXNativeTarget;
			buildConfigurationList = A493CF3725FEE91A00224DBF /* Build configuration list for PBXNativeTarget "I Will Be RIch SoonUITests" */;
			buildPhases = (
				A493CF2425FEE91A00224DBF /* Sources */,
				A493CF2525FEE91A00224DBF /* Frameworks */,
				A493CF2625FEE91A00224DBF /* Resources */,
			);
			buildRules = (
			);
			dependencies = (
				A493CF2A25FEE91A00224DBF /* PBXTargetDependency */,
			);
			name = "I Will Be RIch SoonUITests";
			productName = "I Will Be RIch SoonUITests";
			productReference = A493CF2825FEE91A00224DBF /* I Will Be RIch SoonUITests.xctest */;
			productType = "com.apple.product-type.bundle.ui-testing";
		};
/* End PBXNativeTarget section */

/* Begin PBXProject section */
		A493CEFF25FEE91700224DBF /* Project object */ = {
			isa = PBXProject;
			attributes = {
				LastSwiftUpdateCheck = 1240;
				LastUpgradeCheck = 1240;
				TargetAttributes = {
					A493CF0625FEE91700224DBF = {
						CreatedOnToolsVersion = 12.4;
					};
					A493CF1C25FEE91A00224DBF = {
						CreatedOnToolsVersion = 12.4;
						TestTargetID = A493CF0625FEE91700224DBF;
					};
					A493CF2725FEE91A00224DBF = {
						CreatedOnToolsVersion = 12.4;
						TestTargetID = A493CF0625FEE91700224DBF;
					};
				};
			};
			buildConfigurationList = A493CF0225FEE91700224DBF /* Build configuration list for PBXProject "I Will Be RIch Soon" */;
			compatibilityVersion = "Xcode 9.3";
			developmentRegion = en;
			hasScannedForEncodings = 0;
			knownRegions = (
				en,
				Base,
			);
			mainGroup = A493CEFE25FEE91700224DBF;
			productRefGroup = A493CF0825FEE91700224DBF /* Products */;
			projectDirPath = "";
			projectRoot = "";
			targets = (
				A493CF0625FEE91700224DBF /* I Will Be RIch Soon */,
				A493CF1C25FEE91A00224DBF /* I Will Be RIch SoonTests */,
				A493CF2725FEE91A00224DBF /* I Will Be RIch SoonUITests */,
			);
		};
/* End PBXProject section */

/* Begin PBXResourcesBuildPhase section */
		A493CF0525FEE91700224DBF /* Resources */ = {
			isa = PBXResourcesBuildPhase;
			buildActionMask = 2147483647;
			files = (
				A493CF1725FEE91A00224DBF /* LaunchScreen.storyboard in Resources */,
				A493CF1425FEE91A00224DBF /* Preview Assets.xcassets in Resources */,
				A493CF1125FEE91A00224DBF /* Assets.xcassets in Resources */,
			);
			runOnlyForDeploymentPostprocessing = 0;
		};
		A493CF1B25FEE91A00224DBF /* Resources */ = {
			isa = PBXResourcesBuildPhase;
			buildActionMask = 2147483647;
			files = (
			);
			runOnlyForDeploymentPostprocessing = 0;
		};
		A493CF2625FEE91A00224DBF /* Resources */ = {
			isa = PBXResourcesBuildPhase;
			buildActionMask = 2147483647;
			files = (
			);
			runOnlyForDeploymentPostprocessing = 0;
		};
/* End PBXResourcesBuildPhase section */

/* Begin PBXSourcesBuildPhase section */
		A493CF0325FEE91700224DBF /* Sources */ = {
			isa = PBXSourcesBuildPhase;
			buildActionMask = 2147483647;
			files = (
				A493CF0B25FEE91700224DBF /* AppDelegate.swift in Sources */,
				A493CF0D25FEE91700224DBF /* SceneDelegate.swift in Sources */,
				A493CF0F25FEE91700224DBF /* ContentView.swift in Sources */,
			);
			runOnlyForDeploymentPostprocessing = 0;
		};
		A493CF1925FEE91A00224DBF /* Sources */ = {
			isa = PBXSourcesBuildPhase;
			buildActionMask = 2147483647;
			files = (
				A493CF2225FEE91A00224DBF /* I_Will_Be_RIch_SoonTests.swift in Sources */,
			);
			runOnlyForDeploymentPostprocessing = 0;
		};
		A493CF2425FEE91A00224DBF /* Sources */ = {
			isa = PBXSourcesBuildPhase;
			buildActionMask = 2147483647;
			files = (
				A493CF2D25FEE91A00224DBF /* I_Will_Be_RIch_SoonUITests.swift in Sources */,
			);
			runOnlyForDeploymentPostprocessing = 0;
		};
/* End PBXSourcesBuildPhase section */

/* Begin PBXTargetDependency section */
		A493CF1F25FEE91A00224DBF /* PBXTargetDependency */ = {
			isa = PBXTargetDependency;
			target = A493CF0625FEE91700224DBF /* I Will Be RIch Soon */;
			targetProxy = A493CF1E25FEE91A00224DBF /* PBXContainerItemProxy */;
		};
		A493CF2A25FEE91A00224DBF /* PBXTargetDependency */ = {
			isa = PBXTargetDependency;
			target = A493CF0625FEE91700224DBF /* I Will Be RIch Soon */;
			targetProxy = A493CF2925FEE91A00224DBF /* PBXContainerItemProxy */;
		};
/* End PBXTargetDependency section */

/* Begin PBXVariantGroup section */
		A493CF1525FEE91A00224DBF /* LaunchScreen.storyboard */ = {
			isa = PBXVariantGroup;
			children = (
				A493CF1625FEE91A00224DBF /* Base */,
			);
			name = LaunchScreen.storyboard;
			sourceTree = "<group>";
		};
/* End PBXVariantGroup section */

/* Begin XCBuildConfiguration section */
		A493CF2F25FEE91A00224DBF /* Debug */ = {
			isa = XCBuildConfiguration;
			buildSettings = {
				ALWAYS_SEARCH_USER_PATHS = NO;
				CLANG_ANALYZER_NONNULL = YES;
				CLANG_ANALYZER_NUMBER_OBJECT_CONVERSION = YES_AGGRESSIVE;
				CLANG_CXX_LANGUAGE_STANDARD = "gnu++14";
				CLANG_CXX_LIBRARY = "libc++";
				CLANG_ENABLE_MODULES = YES;
				CLANG_ENABLE_OBJC_ARC = YES;
				CLANG_ENABLE_OBJC_WEAK = YES;
				CLANG_WARN_BLOCK_CAPTURE_AUTORELEASING = YES;
				CLANG_WARN_BOOL_CONVERSION = YES;
				CLANG_WARN_COMMA = YES;
				CLANG_WARN_CONSTANT_CONVERSION = YES;
				CLANG_WARN_DEPRECATED_OBJC_IMPLEMENTATIONS = YES;
				CLANG_WARN_DIRECT_OBJC_ISA_USAGE = YES_ERROR;
				CLANG_WARN_DOCUMENTATION_COMMENTS = YES;
				CLANG_WARN_EMPTY_BODY = YES;
				CLANG_WARN_ENUM_CONVERSION = YES;
				CLANG_WARN_INFINITE_RECURSION = YES;
				CLANG_WARN_INT_CONVERSION = YES;
				CLANG_WARN_NON_LITERAL_NULL_CONVERSION = YES;
				CLANG_WARN_OBJC_IMPLICIT_RETAIN_SELF = YES;
				CLANG_WARN_OBJC_LITERAL_CONVERSION = YES;
				CLANG_WARN_OBJC_ROOT_CLASS = YES_ERROR;
				CLANG_WARN_QUOTED_INCLUDE_IN_FRAMEWORK_HEADER = YES;
				CLANG_WARN_RANGE_LOOP_ANALYSIS = YES;
				CLANG_WARN_STRICT_PROTOTYPES = YES;
				CLANG_WARN_SUSPICIOUS_MOVE = YES;
				CLANG_WARN_UNGUARDED_AVAILABILITY = YES_AGGRESSIVE;
				CLANG_WARN_UNREACHABLE_CODE = YES;
				CLANG_WARN__DUPLICATE_METHOD_MATCH = YES;
				COPY_PHASE_STRIP = NO;
				DEBUG_INFORMATION_FORMAT = dwarf;
				ENABLE_STRICT_OBJC_MSGSEND = YES;
				ENABLE_TESTABILITY = YES;
				GCC_C_LANGUAGE_STANDARD = gnu11;
				GCC_DYNAMIC_NO_PIC = NO;
				GCC_NO_COMMON_BLOCKS = YES;
				GCC_OPTIMIZATION_LEVEL = 0;
				GCC_PREPROCESSOR_DEFINITIONS = (
					"DEBUG=1",
					"$(inherited)",
				);
				GCC_WARN_64_TO_32_BIT_CONVERSION = YES;
				GCC_WARN_ABOUT_RETURN_TYPE = YES_ERROR;
				GCC_WARN_UNDECLARED_SELECTOR = YES;
				GCC_WARN_UNINITIALIZED_AUTOS = YES_AGGRESSIVE;
				GCC_WARN_UNUSED_FUNCTION = YES;
				GCC_WARN_UNUSED_VARIABLE = YES;
				IPHONEOS_DEPLOYMENT_TARGET = 14.4;
				MTL_ENABLE_DEBUG_INFO = INCLUDE_SOURCE;
				MTL_FAST_MATH = YES;
				ONLY_ACTIVE_ARCH = YES;
				SDKROOT = iphoneos;
				SWIFT_ACTIVE_COMPILATION_CONDITIONS = DEBUG;
				SWIFT_OPTIMIZATION_LEVEL = "-Onone";
			};
			name = Debug;
		};
		A493CF3025FEE91A00224DBF /* Release */ = {
			isa = XCBuildConfiguration;
			buildSettings = {
				ALWAYS_SEARCH_USER_PATHS = NO;
				CLANG_ANALYZER_NONNULL = YES;
				CLANG_ANALYZER_NUMBER_OBJECT_CONVERSION = YES_AGGRESSIVE;
				CLANG_CXX_LANGUAGE_STANDARD = "gnu++14";
				CLANG_CXX_LIBRARY = "libc++";
				CLANG_ENABLE_MODULES = YES;
				CLANG_ENABLE_OBJC_ARC = YES;
				CLANG_ENABLE_OBJC_WEAK = YES;
				CLANG_WARN_BLOCK_CAPTURE_AUTORELEASING = YES;
				CLANG_WARN_BOOL_CONVERSION = YES;
				CLANG_WARN_COMMA = YES;
				CLANG_WARN_CONSTANT_CONVERSION = YES;
				CLANG_WARN_DEPRECATED_OBJC_IMPLEMENTATIONS = YES;
				CLANG_WARN_DIRECT_OBJC_ISA_USAGE = YES_ERROR;
				CLANG_WARN_DOCUMENTATION_COMMENTS = YES;
				CLANG_WARN_EMPTY_BODY = YES;
				CLANG_WARN_ENUM_CONVERSION = YES;
				CLANG_WARN_INFINITE_RECURSION = YES;
				CLANG_WARN_INT_CONVERSION = YES;
				CLANG_WARN_NON_LITERAL_NULL_CONVERSION = YES;
				CLANG_WARN_OBJC_IMPLICIT_RETAIN_SELF = YES;
				CLANG_WARN_OBJC_LITERAL_CONVERSION = YES;
				CLANG_WARN_OBJC_ROOT_CLASS = YES_ERROR;
				CLANG_WARN_QUOTED_INCLUDE_IN_FRAMEWORK_HEADER = YES;
				CLANG_WARN_RANGE_LOOP_ANALYSIS = YES;
				CLANG_WARN_STRICT_PROTOTYPES = YES;
				CLANG_WARN_SUSPICIOUS_MOVE = YES;
				CLANG_WARN_UNGUARDED_AVAILABILITY = YES_AGGRESSIVE;
				CLANG_WARN_UNREACHABLE_CODE = YES;
				CLANG_WARN__DUPLICATE_METHOD_MATCH = YES;
				COPY_PHASE_STRIP = NO;
				DEBUG_INFORMATION_FORMAT = "dwarf-with-dsym";
				ENABLE_NS_ASSERTIONS = NO;
				ENABLE_STRICT_OBJC_MSGSEND = YES;
				GCC_C_LANGUAGE_STANDARD = gnu11;
				GCC_NO_COMMON_BLOCKS = YES;
				GCC_WARN_64_TO_32_BIT_CONVERSION = YES;
				GCC_WARN_ABOUT_RETURN_TYPE = YES_ERROR;
				GCC_WARN_UNDECLARED_SELECTOR = YES;
				GCC_WARN_UNINITIALIZED_AUTOS = YES_AGGRESSIVE;
				GCC_WARN_UNUSED_FUNCTION = YES;
				GCC_WARN_UNUSED_VARIABLE = YES;
				IPHONEOS_DEPLOYMENT_TARGET = 14.4;
				MTL_ENABLE_DEBUG_INFO = NO;
				MTL_FAST_MATH = YES;
				SDKROOT = iphoneos;
				SWIFT_COMPILATION_MODE = wholemodule;
				SWIFT_OPTIMIZATION_LEVEL = "-O";
				VALIDATE_PRODUCT = YES;
			};
			name = Release;
		};
		A493CF3225FEE91A00224DBF /* Debug */ = {
			isa = XCBuildConfiguration;
			buildSettings = {
				ASSETCATALOG_COMPILER_APPICON_NAME = AppIcon;
				ASSETCATALOG_COMPILER_GLOBAL_ACCENT_COLOR_NAME = AccentColor;
				CODE_SIGN_STYLE = Automatic;
				DEVELOPMENT_ASSET_PATHS = "\"I Will Be RIch Soon/Preview Content\"";
				DEVELOPMENT_TEAM = 6TUZG6LW7U;
				ENABLE_PREVIEWS = YES;
				INFOPLIST_FILE = "I Will Be RIch Soon/Info.plist";
				LD_RUNPATH_SEARCH_PATHS = (
					"$(inherited)",
					"@executable_path/Frameworks",
				);
				PRODUCT_BUNDLE_IDENTIFIER = "com.JL.I-Will-Be-RIch-Soon";
				PRODUCT_NAME = "$(TARGET_NAME)";
				SWIFT_VERSION = 5.0;
				TARGETED_DEVICE_FAMILY = "1,2";
			};
			name = Debug;
		};
		A493CF3325FEE91A00224DBF /* Release */ = {
			isa = XCBuildConfiguration;
			buildSettings = {
				ASSETCATALOG_COMPILER_APPICON_NAME = AppIcon;
				ASSETCATALOG_COMPILER_GLOBAL_ACCENT_COLOR_NAME = AccentColor;
				CODE_SIGN_STYLE = Automatic;
				DEVELOPMENT_ASSET_PATHS = "\"I Will Be RIch Soon/Preview Content\"";
				DEVELOPMENT_TEAM = 6TUZG6LW7U;
				ENABLE_PREVIEWS = YES;
				INFOPLIST_FILE = "I Will Be RIch Soon/Info.plist";
				LD_RUNPATH_SEARCH_PATHS = (
					"$(inherited)",
					"@executable_path/Frameworks",
				);
				PRODUCT_BUNDLE_IDENTIFIER = "com.JL.I-Will-Be-RIch-Soon";
				PRODUCT_NAME = "$(TARGET_NAME)";
				SWIFT_VERSION = 5.0;
				TARGETED_DEVICE_FAMILY = "1,2";
			};
			name = Release;
		};
		A493CF3525FEE91A00224DBF /* Debug */ = {
			isa = XCBuildConfiguration;
			buildSettings = {
				ALWAYS_EMBED_SWIFT_STANDARD_LIBRARIES = YES;
				BUNDLE_LOADER = "$(TEST_HOST)";
				CODE_SIGN_STYLE = Automatic;
				DEVELOPMENT_TEAM = 6TUZG6LW7U;
				INFOPLIST_FILE = "I Will Be RIch SoonTests/Info.plist";
				IPHONEOS_DEPLOYMENT_TARGET = 14.4;
				LD_RUNPATH_SEARCH_PATHS = (
					"$(inherited)",
					"@executable_path/Frameworks",
					"@loader_path/Frameworks",
				);
				PRODUCT_BUNDLE_IDENTIFIER = "com.JL.I-Will-Be-RIch-SoonTests";
				PRODUCT_NAME = "$(TARGET_NAME)";
				SWIFT_VERSION = 5.0;
				TARGETED_DEVICE_FAMILY = "1,2";
				TEST_HOST = "$(BUILT_PRODUCTS_DIR)/I Will Be RIch Soon.app/I Will Be RIch Soon";
			};
			name = Debug;
		};
		A493CF3625FEE91A00224DBF /* Release */ = {
			isa = XCBuildConfiguration;
			buildSettings = {
				ALWAYS_EMBED_SWIFT_STANDARD_LIBRARIES = YES;
				BUNDLE_LOADER = "$(TEST_HOST)";
				CODE_SIGN_STYLE = Automatic;
				DEVELOPMENT_TEAM = 6TUZG6LW7U;
				INFOPLIST_FILE = "I Will Be RIch SoonTests/Info.plist";
				IPHONEOS_DEPLOYMENT_TARGET = 14.4;
				LD_RUNPATH_SEARCH_PATHS = (
					"$(inherited)",
					"@executable_path/Frameworks",
					"@loader_path/Frameworks",
				);
				PRODUCT_BUNDLE_IDENTIFIER = "com.JL.I-Will-Be-RIch-SoonTests";
				PRODUCT_NAME = "$(TARGET_NAME)";
				SWIFT_VERSION = 5.0;
				TARGETED_DEVICE_FAMILY = "1,2";
				TEST_HOST = "$(BUILT_PRODUCTS_DIR)/I Will Be RIch Soon.app/I Will Be RIch Soon";
			};
			name = Release;
		};
		A493CF3825FEE91A00224DBF /* Debug */ = {
			isa = XCBuildConfiguration;
			buildSettings = {
				ALWAYS_EMBED_SWIFT_STANDARD_LIBRARIES = YES;
				CODE_SIGN_STYLE = Automatic;
				DEVELOPMENT_TEAM = 6TUZG6LW7U;
				INFOPLIST_FILE = "I Will Be RIch SoonUITests/Info.plist";
				LD_RUNPATH_SEARCH_PATHS = (
					"$(inherited)",
					"@executable_path/Frameworks",
					"@loader_path/Frameworks",
				);
				PRODUCT_BUNDLE_IDENTIFIER = "com.JL.I-Will-Be-RIch-SoonUITests";
				PRODUCT_NAME = "$(TARGET_NAME)";
				SWIFT_VERSION = 5.0;
				TARGETED_DEVICE_FAMILY = "1,2";
				TEST_TARGET_NAME = "I Will Be RIch Soon";
			};
			name = Debug;
		};
		A493CF3925FEE91A00224DBF /* Release */ = {
			isa = XCBuildConfiguration;
			buildSettings = {
				ALWAYS_EMBED_SWIFT_STANDARD_LIBRARIES = YES;
				CODE_SIGN_STYLE = Automatic;
				DEVELOPMENT_TEAM = 6TUZG6LW7U;
				INFOPLIST_FILE = "I Will Be RIch SoonUITests/Info.plist";
				LD_RUNPATH_SEARCH_PATHS = (
					"$(inherited)",
					"@executable_path/Frameworks",
					"@loader_path/Frameworks",
				);
				PRODUCT_BUNDLE_IDENTIFIER = "com.JL.I-Will-Be-RIch-SoonUITests";
				PRODUCT_NAME = "$(TARGET_NAME)";
				SWIFT_VERSION = 5.0;
				TARGETED_DEVICE_FAMILY = "1,2";
				TEST_TARGET_NAME = "I Will Be RIch Soon";
			};
			name = Release;
		};
/* End XCBuildConfiguration section */

/* Begin XCConfigurationList section */
		A493CF0225FEE91700224DBF /* Build configuration list for PBXProject "I Will Be RIch Soon" */ = {
			isa = XCConfigurationList;
			buildConfigurations = (
				A493CF2F25FEE91A00224DBF /* Debug */,
				A493CF3025FEE91A00224DBF /* Release */,
			);
			defaultConfigurationIsVisible = 0;
			defaultConfigurationName = Release;
		};
		A493CF3125FEE91A00224DBF /* Build configuration list for PBXNativeTarget "I Will Be RIch Soon" */ = {
			isa = XCConfigurationList;
			buildConfigurations = (
				A493CF3225FEE91A00224DBF /* Debug */,
				A493CF3325FEE91A00224DBF /* Release */,
			);
			defaultConfigurationIsVisible = 0;
			defaultConfigurationName = Release;
		};
		A493CF3425FEE91A00224DBF /* Build configuration list for PBXNativeTarget "I Will Be RIch SoonTests" */ = {
			isa = XCConfigurationList;
			buildConfigurations = (
				A493CF3525FEE91A00224DBF /* Debug */,
				A493CF3625FEE91A00224DBF /* Release */,
			);
			defaultConfigurationIsVisible = 0;
			defaultConfigurationName = Release;
		};
		A493CF3725FEE91A00224DBF /* Build configuration list for PBXNativeTarget "I Will Be RIch SoonUITests" */ = {
			isa = XCConfigurationList;
			buildConfigurations = (
				A493CF3825FEE91A00224DBF /* Debug */,
				A493CF3925FEE91A00224DBF /* Release */,
			);
			defaultConfigurationIsVisible = 0;
			defaultConfigurationName = Release;
		};
/* End XCConfigurationList section */
	};
	rootObject = A493CEFF25FEE91700224DBF /* Project object */;
}
